// !$*UTF8*$!
{
	archiveVersion = 1;
	classes = {
	};
	objectVersion = 56;
	objects = {

/* Begin PBXBuildFile section */
		D82AF0A52C84F95700B4B5FC /* StocksApp.swift in Sources */ = {isa = PBXBuildFile; fileRef = D82AF0A42C84F95700B4B5FC /* StocksApp.swift */; };
		D82AF0A92C84F95800B4B5FC /* Assets.xcassets in Resources */ = {isa = PBXBuildFile; fileRef = D82AF0A82C84F95800B4B5FC /* Assets.xcassets */; };
		D82AF0AC2C84F95800B4B5FC /* Preview Assets.xcassets in Resources */ = {isa = PBXBuildFile; fileRef = D82AF0AB2C84F95800B4B5FC /* Preview Assets.xcassets */; };
		D82AF0B62C84F95800B4B5FC /* StocksTests.swift in Sources */ = {isa = PBXBuildFile; fileRef = D82AF0B52C84F95800B4B5FC /* StocksTests.swift */; };
		D82AF0C02C84F95800B4B5FC /* StocksUITests.swift in Sources */ = {isa = PBXBuildFile; fileRef = D82AF0BF2C84F95800B4B5FC /* StocksUITests.swift */; };
		D82AF0C22C84F95800B4B5FC /* StocksUITestsLaunchTests.swift in Sources */ = {isa = PBXBuildFile; fileRef = D82AF0C12C84F95800B4B5FC /* StocksUITestsLaunchTests.swift */; };
		D82AF0D42C84FABF00B4B5FC /* OverviewView.swift in Sources */ = {isa = PBXBuildFile; fileRef = D82AF0D32C84FABF00B4B5FC /* OverviewView.swift */; };
		D82AF0D72C84FDF500B4B5FC /* ListView.swift in Sources */ = {isa = PBXBuildFile; fileRef = D82AF0D62C84FDF500B4B5FC /* ListView.swift */; };
		D89582FA2C86422E002D688E /* StockEntity.swift in Sources */ = {isa = PBXBuildFile; fileRef = D89582F92C86422E002D688E /* StockEntity.swift */; };
		D89582FD2C864601002D688E /* Stock.swift in Sources */ = {isa = PBXBuildFile; fileRef = D89582FC2C864601002D688E /* Stock.swift */; };
		D89583012C865EA9002D688E /* OverviewViewModel.swift in Sources */ = {isa = PBXBuildFile; fileRef = D89583002C865EA9002D688E /* OverviewViewModel.swift */; };
		D89583032C865FED002D688E /* StockListEntity.swift in Sources */ = {isa = PBXBuildFile; fileRef = D89583022C865FED002D688E /* StockListEntity.swift */; };
		D89583052C868E72002D688E /* LazyStockList.swift in Sources */ = {isa = PBXBuildFile; fileRef = D89583042C868E72002D688E /* LazyStockList.swift */; };
		D89583072C86A2A1002D688E /* StockInfo.swift in Sources */ = {isa = PBXBuildFile; fileRef = D89583062C86A2A1002D688E /* StockInfo.swift */; };
		D89583092C86A325002D688E /* StockInfoView.swift in Sources */ = {isa = PBXBuildFile; fileRef = D89583082C86A325002D688E /* StockInfoView.swift */; };
		D895830B2C86AA2E002D688E /* InfoResponse.swift in Sources */ = {isa = PBXBuildFile; fileRef = D895830A2C86AA2E002D688E /* InfoResponse.swift */; };
		D89965752C8503E900713723 /* AddStockView.swift in Sources */ = {isa = PBXBuildFile; fileRef = D89965742C8503E900713723 /* AddStockView.swift */; };
		D899657A2C8514CD00713723 /* CommanStocks.txt in Resources */ = {isa = PBXBuildFile; fileRef = D89965792C8514CD00713723 /* CommanStocks.txt */; };
		D899657C2C85162400713723 /* AddStockViewModel.swift in Sources */ = {isa = PBXBuildFile; fileRef = D899657B2C85162400713723 /* AddStockViewModel.swift */; };
		D89965802C85222F00713723 /* StockItemView.swift in Sources */ = {isa = PBXBuildFile; fileRef = D899657F2C85222F00713723 /* StockItemView.swift */; };
		D89965832C8528CF00713723 /* CommanStockUseCase.swift in Sources */ = {isa = PBXBuildFile; fileRef = D89965822C8528CF00713723 /* CommanStockUseCase.swift */; };
		D89965882C852A1800713723 /* CommanStockRepository.swift in Sources */ = {isa = PBXBuildFile; fileRef = D89965872C852A1800713723 /* CommanStockRepository.swift */; };
		D899658A2C852A9C00713723 /* DefaultCommanStockRepository.swift in Sources */ = {isa = PBXBuildFile; fileRef = D89965892C852A9C00713723 /* DefaultCommanStockRepository.swift */; };
		D899658E2C852F0300713723 /* ListViewViewModel.swift in Sources */ = {isa = PBXBuildFile; fileRef = D899658D2C852F0300713723 /* ListViewViewModel.swift */; };
/* End PBXBuildFile section */

/* Begin PBXContainerItemProxy section */
		D82AF0B22C84F95800B4B5FC /* PBXContainerItemProxy */ = {
			isa = PBXContainerItemProxy;
			containerPortal = D82AF0992C84F95700B4B5FC /* Project object */;
			proxyType = 1;
			remoteGlobalIDString = D82AF0A02C84F95700B4B5FC;
			remoteInfo = Stocks;
		};
		D82AF0BC2C84F95800B4B5FC /* PBXContainerItemProxy */ = {
			isa = PBXContainerItemProxy;
			containerPortal = D82AF0992C84F95700B4B5FC /* Project object */;
			proxyType = 1;
			remoteGlobalIDString = D82AF0A02C84F95700B4B5FC;
			remoteInfo = Stocks;
		};
/* End PBXContainerItemProxy section */

/* Begin PBXFileReference section */
		D82AF0A12C84F95700B4B5FC /* Stocks.app */ = {isa = PBXFileReference; explicitFileType = wrapper.application; includeInIndex = 0; path = Stocks.app; sourceTree = BUILT_PRODUCTS_DIR; };
		D82AF0A42C84F95700B4B5FC /* StocksApp.swift */ = {isa = PBXFileReference; lastKnownFileType = sourcecode.swift; path = StocksApp.swift; sourceTree = "<group>"; };
		D82AF0A82C84F95800B4B5FC /* Assets.xcassets */ = {isa = PBXFileReference; lastKnownFileType = folder.assetcatalog; path = Assets.xcassets; sourceTree = "<group>"; };
		D82AF0AB2C84F95800B4B5FC /* Preview Assets.xcassets */ = {isa = PBXFileReference; lastKnownFileType = folder.assetcatalog; path = "Preview Assets.xcassets"; sourceTree = "<group>"; };
		D82AF0B12C84F95800B4B5FC /* StocksTests.xctest */ = {isa = PBXFileReference; explicitFileType = wrapper.cfbundle; includeInIndex = 0; path = StocksTests.xctest; sourceTree = BUILT_PRODUCTS_DIR; };
		D82AF0B52C84F95800B4B5FC /* StocksTests.swift */ = {isa = PBXFileReference; lastKnownFileType = sourcecode.swift; path = StocksTests.swift; sourceTree = "<group>"; };
		D82AF0BB2C84F95800B4B5FC /* StocksUITests.xctest */ = {isa = PBXFileReference; explicitFileType = wrapper.cfbundle; includeInIndex = 0; path = StocksUITests.xctest; sourceTree = BUILT_PRODUCTS_DIR; };
		D82AF0BF2C84F95800B4B5FC /* StocksUITests.swift */ = {isa = PBXFileReference; lastKnownFileType = sourcecode.swift; path = StocksUITests.swift; sourceTree = "<group>"; };
		D82AF0C12C84F95800B4B5FC /* StocksUITestsLaunchTests.swift */ = {isa = PBXFileReference; lastKnownFileType = sourcecode.swift; path = StocksUITestsLaunchTests.swift; sourceTree = "<group>"; };
		D82AF0D32C84FABF00B4B5FC /* OverviewView.swift */ = {isa = PBXFileReference; lastKnownFileType = sourcecode.swift; path = OverviewView.swift; sourceTree = "<group>"; };
		D82AF0D62C84FDF500B4B5FC /* ListView.swift */ = {isa = PBXFileReference; lastKnownFileType = sourcecode.swift; path = ListView.swift; sourceTree = "<group>"; };
		D89582F92C86422E002D688E /* StockEntity.swift */ = {isa = PBXFileReference; lastKnownFileType = sourcecode.swift; path = StockEntity.swift; sourceTree = "<group>"; };
		D89582FC2C864601002D688E /* Stock.swift */ = {isa = PBXFileReference; lastKnownFileType = sourcecode.swift; path = Stock.swift; sourceTree = "<group>"; };
		D89583002C865EA9002D688E /* OverviewViewModel.swift */ = {isa = PBXFileReference; lastKnownFileType = sourcecode.swift; path = OverviewViewModel.swift; sourceTree = "<group>"; };
		D89583022C865FED002D688E /* StockListEntity.swift */ = {isa = PBXFileReference; lastKnownFileType = sourcecode.swift; path = StockListEntity.swift; sourceTree = "<group>"; };
		D89583042C868E72002D688E /* LazyStockList.swift */ = {isa = PBXFileReference; lastKnownFileType = sourcecode.swift; path = LazyStockList.swift; sourceTree = "<group>"; };
		D89583062C86A2A1002D688E /* StockInfo.swift */ = {isa = PBXFileReference; lastKnownFileType = sourcecode.swift; path = StockInfo.swift; sourceTree = "<group>"; };
		D89583082C86A325002D688E /* StockInfoView.swift */ = {isa = PBXFileReference; lastKnownFileType = sourcecode.swift; path = StockInfoView.swift; sourceTree = "<group>"; };
		D895830A2C86AA2E002D688E /* InfoResponse.swift */ = {isa = PBXFileReference; lastKnownFileType = sourcecode.swift; path = InfoResponse.swift; sourceTree = "<group>"; };
		D89965742C8503E900713723 /* AddStockView.swift */ = {isa = PBXFileReference; lastKnownFileType = sourcecode.swift; path = AddStockView.swift; sourceTree = "<group>"; };
		D89965792C8514CD00713723 /* CommanStocks.txt */ = {isa = PBXFileReference; fileEncoding = 4; lastKnownFileType = text; path = CommanStocks.txt; sourceTree = "<group>"; };
		D899657B2C85162400713723 /* AddStockViewModel.swift */ = {isa = PBXFileReference; lastKnownFileType = sourcecode.swift; path = AddStockViewModel.swift; sourceTree = "<group>"; };
		D899657F2C85222F00713723 /* StockItemView.swift */ = {isa = PBXFileReference; lastKnownFileType = sourcecode.swift; path = StockItemView.swift; sourceTree = "<group>"; };
		D89965822C8528CF00713723 /* CommanStockUseCase.swift */ = {isa = PBXFileReference; lastKnownFileType = sourcecode.swift; path = CommanStockUseCase.swift; sourceTree = "<group>"; };
		D89965872C852A1800713723 /* CommanStockRepository.swift */ = {isa = PBXFileReference; lastKnownFileType = sourcecode.swift; path = CommanStockRepository.swift; sourceTree = "<group>"; };
		D89965892C852A9C00713723 /* DefaultCommanStockRepository.swift */ = {isa = PBXFileReference; lastKnownFileType = sourcecode.swift; path = DefaultCommanStockRepository.swift; sourceTree = "<group>"; };
		D899658D2C852F0300713723 /* ListViewViewModel.swift */ = {isa = PBXFileReference; lastKnownFileType = sourcecode.swift; path = ListViewViewModel.swift; sourceTree = "<group>"; };
/* End PBXFileReference section */

/* Begin PBXFrameworksBuildPhase section */
		D82AF09E2C84F95700B4B5FC /* Frameworks */ = {
			isa = PBXFrameworksBuildPhase;
			buildActionMask = 2147483647;
			files = (
			);
			runOnlyForDeploymentPostprocessing = 0;
		};
		D82AF0AE2C84F95800B4B5FC /* Frameworks */ = {
			isa = PBXFrameworksBuildPhase;
			buildActionMask = 2147483647;
			files = (
			);
			runOnlyForDeploymentPostprocessing = 0;
		};
		D82AF0B82C84F95800B4B5FC /* Frameworks */ = {
			isa = PBXFrameworksBuildPhase;
			buildActionMask = 2147483647;
			files = (
			);
			runOnlyForDeploymentPostprocessing = 0;
		};
/* End PBXFrameworksBuildPhase section */

/* Begin PBXGroup section */
		D82AF0982C84F95700B4B5FC = {
			isa = PBXGroup;
			children = (
				D82AF0A32C84F95700B4B5FC /* Stocks */,
				D82AF0B42C84F95800B4B5FC /* StocksTests */,
				D82AF0BE2C84F95800B4B5FC /* StocksUITests */,
				D82AF0A22C84F95700B4B5FC /* Products */,
			);
			sourceTree = "<group>";
		};
		D82AF0A22C84F95700B4B5FC /* Products */ = {
			isa = PBXGroup;
			children = (
				D82AF0A12C84F95700B4B5FC /* Stocks.app */,
				D82AF0B12C84F95800B4B5FC /* StocksTests.xctest */,
				D82AF0BB2C84F95800B4B5FC /* StocksUITests.xctest */,
			);
			name = Products;
			sourceTree = "<group>";
		};
		D82AF0A32C84F95700B4B5FC /* Stocks */ = {
			isa = PBXGroup;
			children = (
				D82AF0CE2C84F9F500B4B5FC /* Application */,
				D82AF0CF2C84FA1700B4B5FC /* Presentation */,
				D89965732C8503C000713723 /* AddStockScene */,
				D82AF0D02C84FA2900B4B5FC /* Domain */,
				D82AF0D12C84FA3100B4B5FC /* Data */,
				D89965762C8510AC00713723 /* Resources */,
				D82AF0AA2C84F95800B4B5FC /* Preview Content */,
			);
			path = Stocks;
			sourceTree = "<group>";
		};
		D82AF0AA2C84F95800B4B5FC /* Preview Content */ = {
			isa = PBXGroup;
			children = (
				D82AF0AB2C84F95800B4B5FC /* Preview Assets.xcassets */,
			);
			path = "Preview Content";
			sourceTree = "<group>";
		};
		D82AF0B42C84F95800B4B5FC /* StocksTests */ = {
			isa = PBXGroup;
			children = (
				D82AF0B52C84F95800B4B5FC /* StocksTests.swift */,
			);
			path = StocksTests;
			sourceTree = "<group>";
		};
		D82AF0BE2C84F95800B4B5FC /* StocksUITests */ = {
			isa = PBXGroup;
			children = (
				D82AF0BF2C84F95800B4B5FC /* StocksUITests.swift */,
				D82AF0C12C84F95800B4B5FC /* StocksUITestsLaunchTests.swift */,
			);
			path = StocksUITests;
			sourceTree = "<group>";
		};
		D82AF0CE2C84F9F500B4B5FC /* Application */ = {
			isa = PBXGroup;
			children = (
				D82AF0A42C84F95700B4B5FC /* StocksApp.swift */,
			);
			path = Application;
			sourceTree = "<group>";
		};
		D82AF0CF2C84FA1700B4B5FC /* Presentation */ = {
			isa = PBXGroup;
			children = (
				D82AF0D22C84FA8300B4B5FC /* OverviewScene */,
				D82AF0D52C84FDD500B4B5FC /* ListScene */,
			);
			path = Presentation;
			sourceTree = "<group>";
		};
		D82AF0D02C84FA2900B4B5FC /* Domain */ = {
			isa = PBXGroup;
			children = (
				D89582FB2C8645E1002D688E /* Models */,
				D89965852C8529E000713723 /* Interfaces */,
				D89965812C8528AD00713723 /* UseCases */,
			);
			path = Domain;
			sourceTree = "<group>";
		};
		D82AF0D12C84FA3100B4B5FC /* Data */ = {
			isa = PBXGroup;
			children = (
				D89582F82C864213002D688E /* Models */,
				D89965842C85299000713723 /* Repositories */,
			);
			path = Data;
			sourceTree = "<group>";
		};
		D82AF0D22C84FA8300B4B5FC /* OverviewScene */ = {
			isa = PBXGroup;
			children = (
				D82AF0D32C84FABF00B4B5FC /* OverviewView.swift */,
				D89583002C865EA9002D688E /* OverviewViewModel.swift */,
				D89583062C86A2A1002D688E /* StockInfo.swift */,
				D89583082C86A325002D688E /* StockInfoView.swift */,
				D895830A2C86AA2E002D688E /* InfoResponse.swift */,
			);
			path = OverviewScene;
			sourceTree = "<group>";
		};
		D82AF0D52C84FDD500B4B5FC /* ListScene */ = {
			isa = PBXGroup;
			children = (
				D82AF0D62C84FDF500B4B5FC /* ListView.swift */,
				D899658D2C852F0300713723 /* ListViewViewModel.swift */,
			);
			path = ListScene;
			sourceTree = "<group>";
		};
		D89582F82C864213002D688E /* Models */ = {
			isa = PBXGroup;
			children = (
				D89582F92C86422E002D688E /* StockEntity.swift */,
				D89583022C865FED002D688E /* StockListEntity.swift */,
			);
			path = Models;
			sourceTree = "<group>";
		};
		D89582FB2C8645E1002D688E /* Models */ = {
			isa = PBXGroup;
			children = (
				D89582FC2C864601002D688E /* Stock.swift */,
			);
			path = Models;
			sourceTree = "<group>";
		};
		D89965732C8503C000713723 /* AddStockScene */ = {
			isa = PBXGroup;
			children = (
				D89965742C8503E900713723 /* AddStockView.swift */,
				D899657F2C85222F00713723 /* StockItemView.swift */,
				D899657B2C85162400713723 /* AddStockViewModel.swift */,
				D89583042C868E72002D688E /* LazyStockList.swift */,
			);
			path = AddStockScene;
			sourceTree = "<group>";
		};
		D89965762C8510AC00713723 /* Resources */ = {
			isa = PBXGroup;
			children = (
				D89965792C8514CD00713723 /* CommanStocks.txt */,
				D82AF0A82C84F95800B4B5FC /* Assets.xcassets */,
			);
			path = Resources;
			sourceTree = "<group>";
		};
		D89965812C8528AD00713723 /* UseCases */ = {
			isa = PBXGroup;
			children = (
				D89965822C8528CF00713723 /* CommanStockUseCase.swift */,
			);
			path = UseCases;
			sourceTree = "<group>";
		};
		D89965842C85299000713723 /* Repositories */ = {
			isa = PBXGroup;
			children = (
				D89965892C852A9C00713723 /* DefaultCommanStockRepository.swift */,
			);
			path = Repositories;
			sourceTree = "<group>";
		};
		D89965852C8529E000713723 /* Interfaces */ = {
			isa = PBXGroup;
			children = (
				D89965862C8529FB00713723 /* Repositories */,
			);
			path = Interfaces;
			sourceTree = "<group>";
		};
		D89965862C8529FB00713723 /* Repositories */ = {
			isa = PBXGroup;
			children = (
				D89965872C852A1800713723 /* CommanStockRepository.swift */,
			);
			path = Repositories;
			sourceTree = "<group>";
		};
/* End PBXGroup section */

/* Begin PBXNativeTarget section */
		D82AF0A02C84F95700B4B5FC /* Stocks */ = {
			isa = PBXNativeTarget;
			buildConfigurationList = D82AF0C52C84F95800B4B5FC /* Build configuration list for PBXNativeTarget "Stocks" */;
			buildPhases = (
				D82AF09D2C84F95700B4B5FC /* Sources */,
				D82AF09E2C84F95700B4B5FC /* Frameworks */,
				D82AF09F2C84F95700B4B5FC /* Resources */,
			);
			buildRules = (
			);
			dependencies = (
			);
			name = Stocks;
			productName = Stocks;
			productReference = D82AF0A12C84F95700B4B5FC /* Stocks.app */;
			productType = "com.apple.product-type.application";
		};
		D82AF0B02C84F95800B4B5FC /* StocksTests */ = {
			isa = PBXNativeTarget;
			buildConfigurationList = D82AF0C82C84F95800B4B5FC /* Build configuration list for PBXNativeTarget "StocksTests" */;
			buildPhases = (
				D82AF0AD2C84F95800B4B5FC /* Sources */,
				D82AF0AE2C84F95800B4B5FC /* Frameworks */,
				D82AF0AF2C84F95800B4B5FC /* Resources */,
			);
			buildRules = (
			);
			dependencies = (
				D82AF0B32C84F95800B4B5FC /* PBXTargetDependency */,
			);
			name = StocksTests;
			productName = StocksTests;
			productReference = D82AF0B12C84F95800B4B5FC /* StocksTests.xctest */;
			productType = "com.apple.product-type.bundle.unit-test";
		};
		D82AF0BA2C84F95800B4B5FC /* StocksUITests */ = {
			isa = PBXNativeTarget;
			buildConfigurationList = D82AF0CB2C84F95800B4B5FC /* Build configuration list for PBXNativeTarget "StocksUITests" */;
			buildPhases = (
				D82AF0B72C84F95800B4B5FC /* Sources */,
				D82AF0B82C84F95800B4B5FC /* Frameworks */,
				D82AF0B92C84F95800B4B5FC /* Resources */,
			);
			buildRules = (
			);
			dependencies = (
				D82AF0BD2C84F95800B4B5FC /* PBXTargetDependency */,
			);
			name = StocksUITests;
			productName = StocksUITests;
			productReference = D82AF0BB2C84F95800B4B5FC /* StocksUITests.xctest */;
			productType = "com.apple.product-type.bundle.ui-testing";
		};
/* End PBXNativeTarget section */

/* Begin PBXProject section */
		D82AF0992C84F95700B4B5FC /* Project object */ = {
			isa = PBXProject;
			attributes = {
				BuildIndependentTargetsInParallel = 1;
				LastSwiftUpdateCheck = 1540;
				LastUpgradeCheck = 1540;
				TargetAttributes = {
					D82AF0A02C84F95700B4B5FC = {
						CreatedOnToolsVersion = 15.4;
					};
					D82AF0B02C84F95800B4B5FC = {
						CreatedOnToolsVersion = 15.4;
						TestTargetID = D82AF0A02C84F95700B4B5FC;
					};
					D82AF0BA2C84F95800B4B5FC = {
						CreatedOnToolsVersion = 15.4;
						TestTargetID = D82AF0A02C84F95700B4B5FC;
					};
				};
			};
			buildConfigurationList = D82AF09C2C84F95700B4B5FC /* Build configuration list for PBXProject "Stocks" */;
			compatibilityVersion = "Xcode 14.0";
			developmentRegion = en;
			hasScannedForEncodings = 0;
			knownRegions = (
				en,
				Base,
			);
			mainGroup = D82AF0982C84F95700B4B5FC;
			productRefGroup = D82AF0A22C84F95700B4B5FC /* Products */;
			projectDirPath = "";
			projectRoot = "";
			targets = (
				D82AF0A02C84F95700B4B5FC /* Stocks */,
				D82AF0B02C84F95800B4B5FC /* StocksTests */,
				D82AF0BA2C84F95800B4B5FC /* StocksUITests */,
			);
		};
/* End PBXProject section */

/* Begin PBXResourcesBuildPhase section */
		D82AF09F2C84F95700B4B5FC /* Resources */ = {
			isa = PBXResourcesBuildPhase;
			buildActionMask = 2147483647;
			files = (
				D82AF0AC2C84F95800B4B5FC /* Preview Assets.xcassets in Resources */,
				D82AF0A92C84F95800B4B5FC /* Assets.xcassets in Resources */,
				D899657A2C8514CD00713723 /* CommanStocks.txt in Resources */,
			);
			runOnlyForDeploymentPostprocessing = 0;
		};
		D82AF0AF2C84F95800B4B5FC /* Resources */ = {
			isa = PBXResourcesBuildPhase;
			buildActionMask = 2147483647;
			files = (
			);
			runOnlyForDeploymentPostprocessing = 0;
		};
		D82AF0B92C84F95800B4B5FC /* Resources */ = {
			isa = PBXResourcesBuildPhase;
			buildActionMask = 2147483647;
			files = (
			);
			runOnlyForDeploymentPostprocessing = 0;
		};
/* End PBXResourcesBuildPhase section */

/* Begin PBXSourcesBuildPhase section */
		D82AF09D2C84F95700B4B5FC /* Sources */ = {
			isa = PBXSourcesBuildPhase;
			buildActionMask = 2147483647;
			files = (
				D89583012C865EA9002D688E /* OverviewViewModel.swift in Sources */,
				D89583092C86A325002D688E /* StockInfoView.swift in Sources */,
				D82AF0D42C84FABF00B4B5FC /* OverviewView.swift in Sources */,
				D89965752C8503E900713723 /* AddStockView.swift in Sources */,
				D89582FD2C864601002D688E /* Stock.swift in Sources */,
				D899657C2C85162400713723 /* AddStockViewModel.swift in Sources */,
				D89583072C86A2A1002D688E /* StockInfo.swift in Sources */,
				D895830B2C86AA2E002D688E /* InfoResponse.swift in Sources */,
				D899658E2C852F0300713723 /* ListViewViewModel.swift in Sources */,
				D89583052C868E72002D688E /* LazyStockList.swift in Sources */,
				D89582FA2C86422E002D688E /* StockEntity.swift in Sources */,
				D82AF0A52C84F95700B4B5FC /* StocksApp.swift in Sources */,
				D89965832C8528CF00713723 /* CommanStockUseCase.swift in Sources */,
				D89965882C852A1800713723 /* CommanStockRepository.swift in Sources */,
				D899658A2C852A9C00713723 /* DefaultCommanStockRepository.swift in Sources */,
				D89583032C865FED002D688E /* StockListEntity.swift in Sources */,
				D89965802C85222F00713723 /* StockItemView.swift in Sources */,
				D82AF0D72C84FDF500B4B5FC /* ListView.swift in Sources */,
			);
			runOnlyForDeploymentPostprocessing = 0;
		};
		D82AF0AD2C84F95800B4B5FC /* Sources */ = {
			isa = PBXSourcesBuildPhase;
			buildActionMask = 2147483647;
			files = (
				D82AF0B62C84F95800B4B5FC /* StocksTests.swift in Sources */,
			);
			runOnlyForDeploymentPostprocessing = 0;
		};
		D82AF0B72C84F95800B4B5FC /* Sources */ = {
			isa = PBXSourcesBuildPhase;
			buildActionMask = 2147483647;
			files = (
				D82AF0C02C84F95800B4B5FC /* StocksUITests.swift in Sources */,
				D82AF0C22C84F95800B4B5FC /* StocksUITestsLaunchTests.swift in Sources */,
			);
			runOnlyForDeploymentPostprocessing = 0;
		};
/* End PBXSourcesBuildPhase section */

/* Begin PBXTargetDependency section */
		D82AF0B32C84F95800B4B5FC /* PBXTargetDependency */ = {
			isa = PBXTargetDependency;
			target = D82AF0A02C84F95700B4B5FC /* Stocks */;
			targetProxy = D82AF0B22C84F95800B4B5FC /* PBXContainerItemProxy */;
		};
		D82AF0BD2C84F95800B4B5FC /* PBXTargetDependency */ = {
			isa = PBXTargetDependency;
			target = D82AF0A02C84F95700B4B5FC /* Stocks */;
			targetProxy = D82AF0BC2C84F95800B4B5FC /* PBXContainerItemProxy */;
		};
/* End PBXTargetDependency section */

/* Begin XCBuildConfiguration section */
		D82AF0C32C84F95800B4B5FC /* Debug */ = {
			isa = XCBuildConfiguration;
			buildSettings = {
				ALWAYS_SEARCH_USER_PATHS = NO;
				ASSETCATALOG_COMPILER_GENERATE_SWIFT_ASSET_SYMBOL_EXTENSIONS = YES;
				CLANG_ANALYZER_NONNULL = YES;
				CLANG_ANALYZER_NUMBER_OBJECT_CONVERSION = YES_AGGRESSIVE;
				CLANG_CXX_LANGUAGE_STANDARD = "gnu++20";
				CLANG_ENABLE_MODULES = YES;
				CLANG_ENABLE_OBJC_ARC = YES;
				CLANG_ENABLE_OBJC_WEAK = YES;
				CLANG_WARN_BLOCK_CAPTURE_AUTORELEASING = YES;
				CLANG_WARN_BOOL_CONVERSION = YES;
				CLANG_WARN_COMMA = YES;
				CLANG_WARN_CONSTANT_CONVERSION = YES;
				CLANG_WARN_DEPRECATED_OBJC_IMPLEMENTATIONS = YES;
				CLANG_WARN_DIRECT_OBJC_ISA_USAGE = YES_ERROR;
				CLANG_WARN_DOCUMENTATION_COMMENTS = YES;
				CLANG_WARN_EMPTY_BODY = YES;
				CLANG_WARN_ENUM_CONVERSION = YES;
				CLANG_WARN_INFINITE_RECURSION = YES;
				CLANG_WARN_INT_CONVERSION = YES;
				CLANG_WARN_NON_LITERAL_NULL_CONVERSION = YES;
				CLANG_WARN_OBJC_IMPLICIT_RETAIN_SELF = YES;
				CLANG_WARN_OBJC_LITERAL_CONVERSION = YES;
				CLANG_WARN_OBJC_ROOT_CLASS = YES_ERROR;
				CLANG_WARN_QUOTED_INCLUDE_IN_FRAMEWORK_HEADER = YES;
				CLANG_WARN_RANGE_LOOP_ANALYSIS = YES;
				CLANG_WARN_STRICT_PROTOTYPES = YES;
				CLANG_WARN_SUSPICIOUS_MOVE = YES;
				CLANG_WARN_UNGUARDED_AVAILABILITY = YES_AGGRESSIVE;
				CLANG_WARN_UNREACHABLE_CODE = YES;
				CLANG_WARN__DUPLICATE_METHOD_MATCH = YES;
				COPY_PHASE_STRIP = NO;
				DEBUG_INFORMATION_FORMAT = dwarf;
				ENABLE_STRICT_OBJC_MSGSEND = YES;
				ENABLE_TESTABILITY = YES;
				ENABLE_USER_SCRIPT_SANDBOXING = YES;
				GCC_C_LANGUAGE_STANDARD = gnu17;
				GCC_DYNAMIC_NO_PIC = NO;
				GCC_NO_COMMON_BLOCKS = YES;
				GCC_OPTIMIZATION_LEVEL = 0;
				GCC_PREPROCESSOR_DEFINITIONS = (
					"DEBUG=1",
					"$(inherited)",
				);
				GCC_WARN_64_TO_32_BIT_CONVERSION = YES;
				GCC_WARN_ABOUT_RETURN_TYPE = YES_ERROR;
				GCC_WARN_UNDECLARED_SELECTOR = YES;
				GCC_WARN_UNINITIALIZED_AUTOS = YES_AGGRESSIVE;
				GCC_WARN_UNUSED_FUNCTION = YES;
				GCC_WARN_UNUSED_VARIABLE = YES;
				IPHONEOS_DEPLOYMENT_TARGET = 17.5;
				LOCALIZATION_PREFERS_STRING_CATALOGS = YES;
				MTL_ENABLE_DEBUG_INFO = INCLUDE_SOURCE;
				MTL_FAST_MATH = YES;
				ONLY_ACTIVE_ARCH = YES;
				SDKROOT = iphoneos;
				SWIFT_ACTIVE_COMPILATION_CONDITIONS = "DEBUG $(inherited)";
				SWIFT_OPTIMIZATION_LEVEL = "-Onone";
			};
			name = Debug;
		};
		D82AF0C42C84F95800B4B5FC /* Release */ = {
			isa = XCBuildConfiguration;
			buildSettings = {
				ALWAYS_SEARCH_USER_PATHS = NO;
				ASSETCATALOG_COMPILER_GENERATE_SWIFT_ASSET_SYMBOL_EXTENSIONS = YES;
				CLANG_ANALYZER_NONNULL = YES;
				CLANG_ANALYZER_NUMBER_OBJECT_CONVERSION = YES_AGGRESSIVE;
				CLANG_CXX_LANGUAGE_STANDARD = "gnu++20";
				CLANG_ENABLE_MODULES = YES;
				CLANG_ENABLE_OBJC_ARC = YES;
				CLANG_ENABLE_OBJC_WEAK = YES;
				CLANG_WARN_BLOCK_CAPTURE_AUTORELEASING = YES;
				CLANG_WARN_BOOL_CONVERSION = YES;
				CLANG_WARN_COMMA = YES;
				CLANG_WARN_CONSTANT_CONVERSION = YES;
				CLANG_WARN_DEPRECATED_OBJC_IMPLEMENTATIONS = YES;
				CLANG_WARN_DIRECT_OBJC_ISA_USAGE = YES_ERROR;
				CLANG_WARN_DOCUMENTATION_COMMENTS = YES;
				CLANG_WARN_EMPTY_BODY = YES;
				CLANG_WARN_ENUM_CONVERSION = YES;
				CLANG_WARN_INFINITE_RECURSION = YES;
				CLANG_WARN_INT_CONVERSION = YES;
				CLANG_WARN_NON_LITERAL_NULL_CONVERSION = YES;
				CLANG_WARN_OBJC_IMPLICIT_RETAIN_SELF = YES;
				CLANG_WARN_OBJC_LITERAL_CONVERSION = YES;
				CLANG_WARN_OBJC_ROOT_CLASS = YES_ERROR;
				CLANG_WARN_QUOTED_INCLUDE_IN_FRAMEWORK_HEADER = YES;
				CLANG_WARN_RANGE_LOOP_ANALYSIS = YES;
				CLANG_WARN_STRICT_PROTOTYPES = YES;
				CLANG_WARN_SUSPICIOUS_MOVE = YES;
				CLANG_WARN_UNGUARDED_AVAILABILITY = YES_AGGRESSIVE;
				CLANG_WARN_UNREACHABLE_CODE = YES;
				CLANG_WARN__DUPLICATE_METHOD_MATCH = YES;
				COPY_PHASE_STRIP = NO;
				DEBUG_INFORMATION_FORMAT = "dwarf-with-dsym";
				ENABLE_NS_ASSERTIONS = NO;
				ENABLE_STRICT_OBJC_MSGSEND = YES;
				ENABLE_USER_SCRIPT_SANDBOXING = YES;
				GCC_C_LANGUAGE_STANDARD = gnu17;
				GCC_NO_COMMON_BLOCKS = YES;
				GCC_WARN_64_TO_32_BIT_CONVERSION = YES;
				GCC_WARN_ABOUT_RETURN_TYPE = YES_ERROR;
				GCC_WARN_UNDECLARED_SELECTOR = YES;
				GCC_WARN_UNINITIALIZED_AUTOS = YES_AGGRESSIVE;
				GCC_WARN_UNUSED_FUNCTION = YES;
				GCC_WARN_UNUSED_VARIABLE = YES;
				IPHONEOS_DEPLOYMENT_TARGET = 17.5;
				LOCALIZATION_PREFERS_STRING_CATALOGS = YES;
				MTL_ENABLE_DEBUG_INFO = NO;
				MTL_FAST_MATH = YES;
				SDKROOT = iphoneos;
				SWIFT_COMPILATION_MODE = wholemodule;
				VALIDATE_PRODUCT = YES;
			};
			name = Release;
		};
		D82AF0C62C84F95800B4B5FC /* Debug */ = {
			isa = XCBuildConfiguration;
			buildSettings = {
				ASSETCATALOG_COMPILER_APPICON_NAME = AppIcon;
				ASSETCATALOG_COMPILER_GLOBAL_ACCENT_COLOR_NAME = AccentColor;
				CODE_SIGN_STYLE = Automatic;
				CURRENT_PROJECT_VERSION = 1;
				DEVELOPMENT_ASSET_PATHS = "\"Stocks/Preview Content\"";
				DEVELOPMENT_TEAM = 9RA83UYYNT;
				ENABLE_PREVIEWS = YES;
				GENERATE_INFOPLIST_FILE = YES;
				INFOPLIST_KEY_UIApplicationSceneManifest_Generation = YES;
				INFOPLIST_KEY_UIApplicationSupportsIndirectInputEvents = YES;
				INFOPLIST_KEY_UILaunchScreen_Generation = YES;
				INFOPLIST_KEY_UISupportedInterfaceOrientations_iPad = "UIInterfaceOrientationPortrait UIInterfaceOrientationPortraitUpsideDown UIInterfaceOrientationLandscapeLeft UIInterfaceOrientationLandscapeRight";
				INFOPLIST_KEY_UISupportedInterfaceOrientations_iPhone = "UIInterfaceOrientationPortrait UIInterfaceOrientationLandscapeLeft UIInterfaceOrientationLandscapeRight";
				LD_RUNPATH_SEARCH_PATHS = (
					"$(inherited)",
					"@executable_path/Frameworks",
				);
				MARKETING_VERSION = 1.0;
				PRODUCT_BUNDLE_IDENTIFIER = dastan.Stocks;
				PRODUCT_NAME = "$(TARGET_NAME)";
				SWIFT_EMIT_LOC_STRINGS = YES;
				SWIFT_VERSION = 5.0;
				TARGETED_DEVICE_FAMILY = "1,2";
			};
			name = Debug;
		};
		D82AF0C72C84F95800B4B5FC /* Release */ = {
			isa = XCBuildConfiguration;
			buildSettings = {
				ASSETCATALOG_COMPILER_APPICON_NAME = AppIcon;
				ASSETCATALOG_COMPILER_GLOBAL_ACCENT_COLOR_NAME = AccentColor;
				CODE_SIGN_STYLE = Automatic;
				CURRENT_PROJECT_VERSION = 1;
				DEVELOPMENT_ASSET_PATHS = "\"Stocks/Preview Content\"";
				DEVELOPMENT_TEAM = 9RA83UYYNT;
				ENABLE_PREVIEWS = YES;
				GENERATE_INFOPLIST_FILE = YES;
				INFOPLIST_KEY_UIApplicationSceneManifest_Generation = YES;
				INFOPLIST_KEY_UIApplicationSupportsIndirectInputEvents = YES;
				INFOPLIST_KEY_UILaunchScreen_Generation = YES;
				INFOPLIST_KEY_UISupportedInterfaceOrientations_iPad = "UIInterfaceOrientationPortrait UIInterfaceOrientationPortraitUpsideDown UIInterfaceOrientationLandscapeLeft UIInterfaceOrientationLandscapeRight";
				INFOPLIST_KEY_UISupportedInterfaceOrientations_iPhone = "UIInterfaceOrientationPortrait UIInterfaceOrientationLandscapeLeft UIInterfaceOrientationLandscapeRight";
				LD_RUNPATH_SEARCH_PATHS = (
					"$(inherited)",
					"@executable_path/Frameworks",
				);
				MARKETING_VERSION = 1.0;
				PRODUCT_BUNDLE_IDENTIFIER = dastan.Stocks;
				PRODUCT_NAME = "$(TARGET_NAME)";
				SWIFT_EMIT_LOC_STRINGS = YES;
				SWIFT_VERSION = 5.0;
				TARGETED_DEVICE_FAMILY = "1,2";
			};
			name = Release;
		};
		D82AF0C92C84F95800B4B5FC /* Debug */ = {
			isa = XCBuildConfiguration;
			buildSettings = {
				ALWAYS_EMBED_SWIFT_STANDARD_LIBRARIES = YES;
				BUNDLE_LOADER = "$(TEST_HOST)";
				CODE_SIGN_STYLE = Automatic;
				CURRENT_PROJECT_VERSION = 1;
				DEVELOPMENT_TEAM = 9RA83UYYNT;
				GENERATE_INFOPLIST_FILE = YES;
				IPHONEOS_DEPLOYMENT_TARGET = 17.5;
				MARKETING_VERSION = 1.0;
				PRODUCT_BUNDLE_IDENTIFIER = dastan.StocksTests;
				PRODUCT_NAME = "$(TARGET_NAME)";
				SWIFT_EMIT_LOC_STRINGS = NO;
				SWIFT_VERSION = 5.0;
				TARGETED_DEVICE_FAMILY = "1,2";
				TEST_HOST = "$(BUILT_PRODUCTS_DIR)/Stocks.app/$(BUNDLE_EXECUTABLE_FOLDER_PATH)/Stocks";
			};
			name = Debug;
		};
		D82AF0CA2C84F95800B4B5FC /* Release */ = {
			isa = XCBuildConfiguration;
			buildSettings = {
				ALWAYS_EMBED_SWIFT_STANDARD_LIBRARIES = YES;
				BUNDLE_LOADER = "$(TEST_HOST)";
				CODE_SIGN_STYLE = Automatic;
				CURRENT_PROJECT_VERSION = 1;
				DEVELOPMENT_TEAM = 9RA83UYYNT;
				GENERATE_INFOPLIST_FILE = YES;
				IPHONEOS_DEPLOYMENT_TARGET = 17.5;
				MARKETING_VERSION = 1.0;
				PRODUCT_BUNDLE_IDENTIFIER = dastan.StocksTests;
				PRODUCT_NAME = "$(TARGET_NAME)";
				SWIFT_EMIT_LOC_STRINGS = NO;
				SWIFT_VERSION = 5.0;
				TARGETED_DEVICE_FAMILY = "1,2";
				TEST_HOST = "$(BUILT_PRODUCTS_DIR)/Stocks.app/$(BUNDLE_EXECUTABLE_FOLDER_PATH)/Stocks";
			};
			name = Release;
		};
		D82AF0CC2C84F95800B4B5FC /* Debug */ = {
			isa = XCBuildConfiguration;
			buildSettings = {
				ALWAYS_EMBED_SWIFT_STANDARD_LIBRARIES = YES;
				CODE_SIGN_STYLE = Automatic;
				CURRENT_PROJECT_VERSION = 1;
				DEVELOPMENT_TEAM = 9RA83UYYNT;
				GENERATE_INFOPLIST_FILE = YES;
				MARKETING_VERSION = 1.0;
				PRODUCT_BUNDLE_IDENTIFIER = dastan.StocksUITests;
				PRODUCT_NAME = "$(TARGET_NAME)";
				SWIFT_EMIT_LOC_STRINGS = NO;
				SWIFT_VERSION = 5.0;
				TARGETED_DEVICE_FAMILY = "1,2";
				TEST_TARGET_NAME = Stocks;
			};
			name = Debug;
		};
		D82AF0CD2C84F95800B4B5FC /* Release */ = {
			isa = XCBuildConfiguration;
			buildSettings = {
				ALWAYS_EMBED_SWIFT_STANDARD_LIBRARIES = YES;
				CODE_SIGN_STYLE = Automatic;
				CURRENT_PROJECT_VERSION = 1;
				DEVELOPMENT_TEAM = 9RA83UYYNT;
				GENERATE_INFOPLIST_FILE = YES;
				MARKETING_VERSION = 1.0;
				PRODUCT_BUNDLE_IDENTIFIER = dastan.StocksUITests;
				PRODUCT_NAME = "$(TARGET_NAME)";
				SWIFT_EMIT_LOC_STRINGS = NO;
				SWIFT_VERSION = 5.0;
				TARGETED_DEVICE_FAMILY = "1,2";
				TEST_TARGET_NAME = Stocks;
			};
			name = Release;
		};
/* End XCBuildConfiguration section */

/* Begin XCConfigurationList section */
		D82AF09C2C84F95700B4B5FC /* Build configuration list for PBXProject "Stocks" */ = {
			isa = XCConfigurationList;
			buildConfigurations = (
				D82AF0C32C84F95800B4B5FC /* Debug */,
				D82AF0C42C84F95800B4B5FC /* Release */,
			);
			defaultConfigurationIsVisible = 0;
			defaultConfigurationName = Release;
		};
		D82AF0C52C84F95800B4B5FC /* Build configuration list for PBXNativeTarget "Stocks" */ = {
			isa = XCConfigurationList;
			buildConfigurations = (
				D82AF0C62C84F95800B4B5FC /* Debug */,
				D82AF0C72C84F95800B4B5FC /* Release */,
			);
			defaultConfigurationIsVisible = 0;
			defaultConfigurationName = Release;
		};
		D82AF0C82C84F95800B4B5FC /* Build configuration list for PBXNativeTarget "StocksTests" */ = {
			isa = XCConfigurationList;
			buildConfigurations = (
				D82AF0C92C84F95800B4B5FC /* Debug */,
				D82AF0CA2C84F95800B4B5FC /* Release */,
			);
			defaultConfigurationIsVisible = 0;
			defaultConfigurationName = Release;
		};
		D82AF0CB2C84F95800B4B5FC /* Build configuration list for PBXNativeTarget "StocksUITests" */ = {
			isa = XCConfigurationList;
			buildConfigurations = (
				D82AF0CC2C84F95800B4B5FC /* Debug */,
				D82AF0CD2C84F95800B4B5FC /* Release */,
			);
			defaultConfigurationIsVisible = 0;
			defaultConfigurationName = Release;
		};
/* End XCConfigurationList section */
	};
	rootObject = D82AF0992C84F95700B4B5FC /* Project object */;
}
